
Microsoft Visual Studio Solution File, Format Version 12.00
# Visual Studio 15
VisualStudioVersion = 15.0.28307.329
MinimumVisualStudioVersion = 10.0.40219.1
Project("{FAE04EC0-301F-11D3-BF4B-00C04F79EFBC}") = "contacto", "contacto\contacto.csproj", "{BA20C167-9B40-47BC-B3D8-50907CF8BB79}"
EndProject
Project("{FAE04EC0-301F-11D3-BF4B-00C04F79EFBC}") = "apiContact", "apiContact\apiContact.csproj", "{5C25A988-C47D-445C-827F-166B405DE565}"
EndProject
Project("{FAE04EC0-301F-11D3-BF4B-00C04F79EFBC}") = "appContacto.Android", "appContacto\appContacto.Android\appContacto.Android.csproj", "{09E9694B-E64F-49A8-9365-FFB3993F6E14}"
EndProject
Project("{FAE04EC0-301F-11D3-BF4B-00C04F79EFBC}") = "appContacto.iOS", "appContacto\appContacto.iOS\appContacto.iOS.csproj", "{D9B244A8-14B8-4C0C-BCBB-39681143F72A}"
EndProject
Project("{9A19103F-16F7-4668-BE54-9A1E7A4F7556}") = "appContacto", "appContacto\appContacto\appContacto.csproj", "{C91F82BB-76CC-4694-AD7B-22D9EF89F200}"
EndProject
Project("{FAE04EC0-301F-11D3-BF4B-00C04F79EFBC}") = "apiContactSecurity", "apiContactSecurity\apiContactSecurity.csproj", "{2FFF042B-5722-4131-BC8B-B427FD9F2F9C}"
EndProject
Global
	GlobalSection(SolutionConfigurationPlatforms) = preSolution
		Ad-Hoc|Any CPU = Ad-Hoc|Any CPU
		Ad-Hoc|iPhone = Ad-Hoc|iPhone
		Ad-Hoc|iPhoneSimulator = Ad-Hoc|iPhoneSimulator
		AppStore|Any CPU = AppStore|Any CPU
		AppStore|iPhone = AppStore|iPhone
		AppStore|iPhoneSimulator = AppStore|iPhoneSimulator
		Debug|Any CPU = Debug|Any CPU
		Debug|iPhone = Debug|iPhone
		Debug|iPhoneSimulator = Debug|iPhoneSimulator
		Release|Any CPU = Release|Any CPU
		Release|iPhone = Release|iPhone
		Release|iPhoneSimulator = Release|iPhoneSimulator
	EndGlobalSection
	GlobalSection(ProjectConfigurationPlatforms) = postSolution
		{BA20C167-9B40-47BC-B3D8-50907CF8BB79}.Ad-Hoc|Any CPU.ActiveCfg = Release|Any CPU
		{BA20C167-9B40-47BC-B3D8-50907CF8BB79}.Ad-Hoc|Any CPU.Build.0 = Release|Any CPU
		{BA20C167-9B40-47BC-B3D8-50907CF8BB79}.Ad-Hoc|iPhone.ActiveCfg = Release|Any CPU
		{BA20C167-9B40-47BC-B3D8-50907CF8BB79}.Ad-Hoc|iPhone.Build.0 = Release|Any CPU
		{BA20C167-9B40-47BC-B3D8-50907CF8BB79}.Ad-Hoc|iPhoneSimulator.ActiveCfg = Release|Any CPU
		{BA20C167-9B40-47BC-B3D8-50907CF8BB79}.Ad-Hoc|iPhoneSimulator.Build.0 = Release|Any CPU
		{BA20C167-9B40-47BC-B3D8-50907CF8BB79}.AppStore|Any CPU.ActiveCfg = Release|Any CPU
		{BA20C167-9B40-47BC-B3D8-50907CF8BB79}.AppStore|Any CPU.Build.0 = Release|Any CPU
		{BA20C167-9B40-47BC-B3D8-50907CF8BB79}.AppStore|iPhone.ActiveCfg = Release|Any CPU
		{BA20C167-9B40-47BC-B3D8-50907CF8BB79}.AppStore|iPhone.Build.0 = Release|Any CPU
		{BA20C167-9B40-47BC-B3D8-50907CF8BB79}.AppStore|iPhoneSimulator.ActiveCfg = Release|Any CPU
		{BA20C167-9B40-47BC-B3D8-50907CF8BB79}.AppStore|iPhoneSimulator.Build.0 = Release|Any CPU
		{BA20C167-9B40-47BC-B3D8-50907CF8BB79}.Debug|Any CPU.ActiveCfg = Debug|Any CPU
		{BA20C167-9B40-47BC-B3D8-50907CF8BB79}.Debug|Any CPU.Build.0 = Debug|Any CPU
		{BA20C167-9B40-47BC-B3D8-50907CF8BB79}.Debug|iPhone.ActiveCfg = Debug|Any CPU
		{BA20C167-9B40-47BC-B3D8-50907CF8BB79}.Debug|iPhone.Build.0 = Debug|Any CPU
		{BA20C167-9B40-47BC-B3D8-50907CF8BB79}.Debug|iPhoneSimulator.ActiveCfg = Debug|Any CPU
		{BA20C167-9B40-47BC-B3D8-50907CF8BB79}.Debug|iPhoneSimulator.Build.0 = Debug|Any CPU
		{BA20C167-9B40-47BC-B3D8-50907CF8BB79}.Release|Any CPU.ActiveCfg = Release|Any CPU
		{BA20C167-9B40-47BC-B3D8-50907CF8BB79}.Release|Any CPU.Build.0 = Release|Any CPU
		{BA20C167-9B40-47BC-B3D8-50907CF8BB79}.Release|iPhone.ActiveCfg = Release|Any CPU
		{BA20C167-9B40-47BC-B3D8-50907CF8BB79}.Release|iPhone.Build.0 = Release|Any CPU
		{BA20C167-9B40-47BC-B3D8-50907CF8BB79}.Release|iPhoneSimulator.ActiveCfg = Release|Any CPU
		{BA20C167-9B40-47BC-B3D8-50907CF8BB79}.Release|iPhoneSimulator.Build.0 = Release|Any CPU
		{5C25A988-C47D-445C-827F-166B405DE565}.Ad-Hoc|Any CPU.ActiveCfg = Release|Any CPU
		{5C25A988-C47D-445C-827F-166B405DE565}.Ad-Hoc|Any CPU.Build.0 = Release|Any CPU
		{5C25A988-C47D-445C-827F-166B405DE565}.Ad-Hoc|iPhone.ActiveCfg = Release|Any CPU
		{5C25A988-C47D-445C-827F-166B405DE565}.Ad-Hoc|iPhone.Build.0 = Release|Any CPU
		{5C25A988-C47D-445C-827F-166B405DE565}.Ad-Hoc|iPhoneSimulator.ActiveCfg = Release|Any CPU
		{5C25A988-C47D-445C-827F-166B405DE565}.Ad-Hoc|iPhoneSimulator.Build.0 = Release|Any CPU
		{5C25A988-C47D-445C-827F-166B405DE565}.AppStore|Any CPU.ActiveCfg = Release|Any CPU
		{5C25A988-C47D-445C-827F-166B405DE565}.AppStore|Any CPU.Build.0 = Release|Any CPU
		{5C25A988-C47D-445C-827F-166B405DE565}.AppStore|iPhone.ActiveCfg = Release|Any CPU
		{5C25A988-C47D-445C-827F-166B405DE565}.AppStore|iPhone.Build.0 = Release|Any CPU
		{5C25A988-C47D-445C-827F-166B405DE565}.AppStore|iPhoneSimulator.ActiveCfg = Release|Any CPU
		{5C25A988-C47D-445C-827F-166B405DE565}.AppStore|iPhoneSimulator.Build.0 = Release|Any CPU
		{5C25A988-C47D-445C-827F-166B405DE565}.Debug|Any CPU.ActiveCfg = Debug|Any CPU
		{5C25A988-C47D-445C-827F-166B405DE565}.Debug|Any CPU.Build.0 = Debug|Any CPU
		{5C25A988-C47D-445C-827F-166B405DE565}.Debug|iPhone.ActiveCfg = Debug|Any CPU
		{5C25A988-C47D-445C-827F-166B405DE565}.Debug|iPhone.Build.0 = Debug|Any CPU
		{5C25A988-C47D-445C-827F-166B405DE565}.Debug|iPhoneSimulator.ActiveCfg = Debug|Any CPU
		{5C25A988-C47D-445C-827F-166B405DE565}.Debug|iPhoneSimulator.Build.0 = Debug|Any CPU
		{5C25A988-C47D-445C-827F-166B405DE565}.Release|Any CPU.ActiveCfg = Release|Any CPU
		{5C25A988-C47D-445C-827F-166B405DE565}.Release|Any CPU.Build.0 = Release|Any CPU
		{5C25A988-C47D-445C-827F-166B405DE565}.Release|iPhone.ActiveCfg = Release|Any CPU
		{5C25A988-C47D-445C-827F-166B405DE565}.Release|iPhone.Build.0 = Release|Any CPU
		{5C25A988-C47D-445C-827F-166B405DE565}.Release|iPhoneSimulator.ActiveCfg = Release|Any CPU
		{5C25A988-C47D-445C-827F-166B405DE565}.Release|iPhoneSimulator.Build.0 = Release|Any CPU
		{09E9694B-E64F-49A8-9365-FFB3993F6E14}.Ad-Hoc|Any CPU.ActiveCfg = Release|Any CPU
		{09E9694B-E64F-49A8-9365-FFB3993F6E14}.Ad-Hoc|Any CPU.Build.0 = Release|Any CPU
		{09E9694B-E64F-49A8-9365-FFB3993F6E14}.Ad-Hoc|Any CPU.Deploy.0 = Release|Any CPU
		{09E9694B-E64F-49A8-9365-FFB3993F6E14}.Ad-Hoc|iPhone.ActiveCfg = Release|Any CPU
		{09E9694B-E64F-49A8-9365-FFB3993F6E14}.Ad-Hoc|iPhone.Build.0 = Release|Any CPU
		{09E9694B-E64F-49A8-9365-FFB3993F6E14}.Ad-Hoc|iPhone.Deploy.0 = Release|Any CPU
		{09E9694B-E64F-49A8-9365-FFB3993F6E14}.Ad-Hoc|iPhoneSimulator.ActiveCfg = Release|Any CPU
		{09E9694B-E64F-49A8-9365-FFB3993F6E14}.Ad-Hoc|iPhoneSimulator.Build.0 = Release|Any CPU
		{09E9694B-E64F-49A8-9365-FFB3993F6E14}.Ad-Hoc|iPhoneSimulator.Deploy.0 = Release|Any CPU
		{09E9694B-E64F-49A8-9365-FFB3993F6E14}.AppStore|Any CPU.ActiveCfg = Release|Any CPU
		{09E9694B-E64F-49A8-9365-FFB3993F6E14}.AppStore|Any CPU.Build.0 = Release|Any CPU
		{09E9694B-E64F-49A8-9365-FFB3993F6E14}.AppStore|Any CPU.Deploy.0 = Release|Any CPU
		{09E9694B-E64F-49A8-9365-FFB3993F6E14}.AppStore|iPhone.ActiveCfg = Release|Any CPU
		{09E9694B-E64F-49A8-9365-FFB3993F6E14}.AppStore|iPhone.Build.0 = Release|Any CPU
		{09E9694B-E64F-49A8-9365-FFB3993F6E14}.AppStore|iPhone.Deploy.0 = Release|Any CPU
		{09E9694B-E64F-49A8-9365-FFB3993F6E14}.AppStore|iPhoneSimulator.ActiveCfg = Release|Any CPU
		{09E9694B-E64F-49A8-9365-FFB3993F6E14}.AppStore|iPhoneSimulator.Build.0 = Release|Any CPU
		{09E9694B-E64F-49A8-9365-FFB3993F6E14}.AppStore|iPhoneSimulator.Deploy.0 = Release|Any CPU
		{09E9694B-E64F-49A8-9365-FFB3993F6E14}.Debug|Any CPU.ActiveCfg = Debug|Any CPU
		{09E9694B-E64F-49A8-9365-FFB3993F6E14}.Debug|Any CPU.Build.0 = Debug|Any CPU
		{09E9694B-E64F-49A8-9365-FFB3993F6E14}.Debug|Any CPU.Deploy.0 = Debug|Any CPU
		{09E9694B-E64F-49A8-9365-FFB3993F6E14}.Debug|iPhone.ActiveCfg = Debug|Any CPU
		{09E9694B-E64F-49A8-9365-FFB3993F6E14}.Debug|iPhone.Build.0 = Debug|Any CPU
		{09E9694B-E64F-49A8-9365-FFB3993F6E14}.Debug|iPhone.Deploy.0 = Debug|Any CPU
		{09E9694B-E64F-49A8-9365-FFB3993F6E14}.Debug|iPhoneSimulator.ActiveCfg = Debug|Any CPU
		{09E9694B-E64F-49A8-9365-FFB3993F6E14}.Debug|iPhoneSimulator.Build.0 = Debug|Any CPU
		{09E9694B-E64F-49A8-9365-FFB3993F6E14}.Debug|iPhoneSimulator.Deploy.0 = Debug|Any CPU
		{09E9694B-E64F-49A8-9365-FFB3993F6E14}.Release|Any CPU.ActiveCfg = Release|Any CPU
		{09E9694B-E64F-49A8-9365-FFB3993F6E14}.Release|Any CPU.Build.0 = Release|Any CPU
		{09E9694B-E64F-49A8-9365-FFB3993F6E14}.Release|Any CPU.Deploy.0 = Release|Any CPU
		{09E9694B-E64F-49A8-9365-FFB3993F6E14}.Release|iPhone.ActiveCfg = Release|Any CPU
		{09E9694B-E64F-49A8-9365-FFB3993F6E14}.Release|iPhone.Build.0 = Release|Any CPU
		{09E9694B-E64F-49A8-9365-FFB3993F6E14}.Release|iPhone.Deploy.0 = Release|Any CPU
		{09E9694B-E64F-49A8-9365-FFB3993F6E14}.Release|iPhoneSimulator.ActiveCfg = Release|Any CPU
		{09E9694B-E64F-49A8-9365-FFB3993F6E14}.Release|iPhoneSimulator.Build.0 = Release|Any CPU
		{09E9694B-E64F-49A8-9365-FFB3993F6E14}.Release|iPhoneSimulator.Deploy.0 = Release|Any CPU
		{D9B244A8-14B8-4C0C-BCBB-39681143F72A}.Ad-Hoc|Any CPU.ActiveCfg = Ad-Hoc|iPhone
		{D9B244A8-14B8-4C0C-BCBB-39681143F72A}.Ad-Hoc|iPhone.ActiveCfg = Ad-Hoc|iPhone
		{D9B244A8-14B8-4C0C-BCBB-39681143F72A}.Ad-Hoc|iPhone.Build.0 = Ad-Hoc|iPhone
		{D9B244A8-14B8-4C0C-BCBB-39681143F72A}.Ad-Hoc|iPhoneSimulator.ActiveCfg = Ad-Hoc|iPhoneSimulator
		{D9B244A8-14B8-4C0C-BCBB-39681143F72A}.Ad-Hoc|iPhoneSimulator.Build.0 = Ad-Hoc|iPhoneSimulator
		{D9B244A8-14B8-4C0C-BCBB-39681143F72A}.AppStore|Any CPU.ActiveCfg = AppStore|iPhone
		{D9B244A8-14B8-4C0C-BCBB-39681143F72A}.AppStore|iPhone.ActiveCfg = AppStore|iPhone
		{D9B244A8-14B8-4C0C-BCBB-39681143F72A}.AppStore|iPhone.Build.0 = AppStore|iPhone
		{D9B244A8-14B8-4C0C-BCBB-39681143F72A}.AppStore|iPhoneSimulator.ActiveCfg = AppStore|iPhoneSimulator
		{D9B244A8-14B8-4C0C-BCBB-39681143F72A}.AppStore|iPhoneSimulator.Build.0 = AppStore|iPhoneSimulator
		{D9B244A8-14B8-4C0C-BCBB-39681143F72A}.Debug|Any CPU.ActiveCfg = Debug|iPhone
		{D9B244A8-14B8-4C0C-BCBB-39681143F72A}.Debug|iPhone.ActiveCfg = Debug|iPhone
		{D9B244A8-14B8-4C0C-BCBB-39681143F72A}.Debug|iPhone.Build.0 = Debug|iPhone
		{D9B244A8-14B8-4C0C-BCBB-39681143F72A}.Debug|iPhoneSimulator.ActiveCfg = Debug|iPhoneSimulator
		{D9B244A8-14B8-4C0C-BCBB-39681143F72A}.Debug|iPhoneSimulator.Build.0 = Debug|iPhoneSimulator
		{D9B244A8-14B8-4C0C-BCBB-39681143F72A}.Release|Any CPU.ActiveCfg = Release|iPhone
		{D9B244A8-14B8-4C0C-BCBB-39681143F72A}.Release|iPhone.ActiveCfg = Release|iPhone
		{D9B244A8-14B8-4C0C-BCBB-39681143F72A}.Release|iPhone.Build.0 = Release|iPhone
		{D9B244A8-14B8-4C0C-BCBB-39681143F72A}.Release|iPhoneSimulator.ActiveCfg = Release|iPhoneSimulator
		{D9B244A8-14B8-4C0C-BCBB-39681143F72A}.Release|iPhoneSimulator.Build.0 = Release|iPhoneSimulator
		{C91F82BB-76CC-4694-AD7B-22D9EF89F200}.Ad-Hoc|Any CPU.ActiveCfg = Debug|Any CPU
		{C91F82BB-76CC-4694-AD7B-22D9EF89F200}.Ad-Hoc|Any CPU.Build.0 = Debug|Any CPU
		{C91F82BB-76CC-4694-AD7B-22D9EF89F200}.Ad-Hoc|iPhone.ActiveCfg = Debug|Any CPU
		{C91F82BB-76CC-4694-AD7B-22D9EF89F200}.Ad-Hoc|iPhone.Build.0 = Debug|Any CPU
		{C91F82BB-76CC-4694-AD7B-22D9EF89F200}.Ad-Hoc|iPhoneSimulator.ActiveCfg = Debug|Any CPU
		{C91F82BB-76CC-4694-AD7B-22D9EF89F200}.Ad-Hoc|iPhoneSimulator.Build.0 = Debug|Any CPU
		{C91F82BB-76CC-4694-AD7B-22D9EF89F200}.AppStore|Any CPU.ActiveCfg = Debug|Any CPU
		{C91F82BB-76CC-4694-AD7B-22D9EF89F200}.AppStore|Any CPU.Build.0 = Debug|Any CPU
		{C91F82BB-76CC-4694-AD7B-22D9EF89F200}.AppStore|iPhone.ActiveCfg = Debug|Any CPU
		{C91F82BB-76CC-4694-AD7B-22D9EF89F200}.AppStore|iPhone.Build.0 = Debug|Any CPU
		{C91F82BB-76CC-4694-AD7B-22D9EF89F200}.AppStore|iPhoneSimulator.ActiveCfg = Debug|Any CPU
		{C91F82BB-76CC-4694-AD7B-22D9EF89F200}.AppStore|iPhoneSimulator.Build.0 = Debug|Any CPU
		{C91F82BB-76CC-4694-AD7B-22D9EF89F200}.Debug|Any CPU.ActiveCfg = Debug|Any CPU
		{C91F82BB-76CC-4694-AD7B-22D9EF89F200}.Debug|Any CPU.Build.0 = Debug|Any CPU
		{C91F82BB-76CC-4694-AD7B-22D9EF89F200}.Debug|iPhone.ActiveCfg = Debug|Any CPU
		{C91F82BB-76CC-4694-AD7B-22D9EF89F200}.Debug|iPhone.Build.0 = Debug|Any CPU
		{C91F82BB-76CC-4694-AD7B-22D9EF89F200}.Debug|iPhoneSimulator.ActiveCfg = Debug|Any CPU
		{C91F82BB-76CC-4694-AD7B-22D9EF89F200}.Debug|iPhoneSimulator.Build.0 = Debug|Any CPU
		{C91F82BB-76CC-4694-AD7B-22D9EF89F200}.Release|Any CPU.ActiveCfg = Release|Any CPU
		{C91F82BB-76CC-4694-AD7B-22D9EF89F200}.Release|Any CPU.Build.0 = Release|Any CPU
		{C91F82BB-76CC-4694-AD7B-22D9EF89F200}.Release|iPhone.ActiveCfg = Release|Any CPU
		{C91F82BB-76CC-4694-AD7B-22D9EF89F200}.Release|iPhone.Build.0 = Release|Any CPU
		{C91F82BB-76CC-4694-AD7B-22D9EF89F200}.Release|iPhoneSimulator.ActiveCfg = Release|Any CPU
		{C91F82BB-76CC-4694-AD7B-22D9EF89F200}.Release|iPhoneSimulator.Build.0 = Release|Any CPU
		{2FFF042B-5722-4131-BC8B-B427FD9F2F9C}.Ad-Hoc|Any CPU.ActiveCfg = Release|Any CPU
		{2FFF042B-5722-4131-BC8B-B427FD9F2F9C}.Ad-Hoc|Any CPU.Build.0 = Release|Any CPU
		{2FFF042B-5722-4131-BC8B-B427FD9F2F9C}.Ad-Hoc|iPhone.ActiveCfg = Release|Any CPU
		{2FFF042B-5722-4131-BC8B-B427FD9F2F9C}.Ad-Hoc|iPhone.Build.0 = Release|Any CPU
		{2FFF042B-5722-4131-BC8B-B427FD9F2F9C}.Ad-Hoc|iPhoneSimulator.ActiveCfg = Release|Any CPU
		{2FFF042B-5722-4131-BC8B-B427FD9F2F9C}.Ad-Hoc|iPhoneSimulator.Build.0 = Release|Any CPU
		{2FFF042B-5722-4131-BC8B-B427FD9F2F9C}.AppStore|Any CPU.ActiveCfg = Release|Any CPU
		{2FFF042B-5722-4131-BC8B-B427FD9F2F9C}.AppStore|Any CPU.Build.0 = Release|Any CPU
		{2FFF042B-5722-4131-BC8B-B427FD9F2F9C}.AppStore|iPhone.ActiveCfg = Release|Any CPU
		{2FFF042B-5722-4131-BC8B-B427FD9F2F9C}.AppStore|iPhone.Build.0 = Release|Any CPU
		{2FFF042B-5722-4131-BC8B-B427FD9F2F9C}.AppStore|iPhoneSimulator.ActiveCfg = Release|Any CPU
		{2FFF042B-5722-4131-BC8B-B427FD9F2F9C}.AppStore|iPhoneSimulator.Build.0 = Release|Any CPU
		{2FFF042B-5722-4131-BC8B-B427FD9F2F9C}.Debug|Any CPU.ActiveCfg = Debug|Any CPU
		{2FFF042B-5722-4131-BC8B-B427FD9F2F9C}.Debug|Any CPU.Build.0 = Debug|Any CPU
		{2FFF042B-5722-4131-BC8B-B427FD9F2F9C}.Debug|iPhone.ActiveCfg = Debug|Any CPU
		{2FFF042B-5722-4131-BC8B-B427FD9F2F9C}.Debug|iPhone.Build.0 = Debug|Any CPU
		{2FFF042B-5722-4131-BC8B-B427FD9F2F9C}.Debug|iPhoneSimulator.ActiveCfg = Debug|Any CPU
		{2FFF042B-5722-4131-BC8B-B427FD9F2F9C}.Debug|iPhoneSimulator.Build.0 = Debug|Any CPU
		{2FFF042B-5722-4131-BC8B-B427FD9F2F9C}.Release|Any CPU.ActiveCfg = Release|Any CPU
		{2FFF042B-5722-4131-BC8B-B427FD9F2F9C}.Release|Any CPU.Build.0 = Release|Any CPU
		{2FFF042B-5722-4131-BC8B-B427FD9F2F9C}.Release|iPhone.ActiveCfg = Release|Any CPU
		{2FFF042B-5722-4131-BC8B-B427FD9F2F9C}.Release|iPhone.Build.0 = Release|Any CPU
		{2FFF042B-5722-4131-BC8B-B427FD9F2F9C}.Release|iPhoneSimulator.ActiveCfg = Release|Any CPU
		{2FFF042B-5722-4131-BC8B-B427FD9F2F9C}.Release|iPhoneSimulator.Build.0 = Release|Any CPU
	EndGlobalSection
	GlobalSection(SolutionProperties) = preSolution
		HideSolutionNode = FALSE
	EndGlobalSection
	GlobalSection(ExtensibilityGlobals) = postSolution
		SolutionGuid = {C1912565-2633-4620-A7D1-EDC1B0BFDAE2}
	EndGlobalSection
EndGlobal
